// !$*UTF8*$!
{
	archiveVersion = 1;
	classes = {
	};
	objectVersion = 50;
	objects = {

/* Begin PBXBuildFile section */
		2FC9524F268BF1C000E6AA9D /* AppDelegate.swift in Sources */ = {isa = PBXBuildFile; fileRef = 2FC9524E268BF1C000E6AA9D /* AppDelegate.swift */; };
		2FC95251268BF1C000E6AA9D /* SceneDelegate.swift in Sources */ = {isa = PBXBuildFile; fileRef = 2FC95250268BF1C000E6AA9D /* SceneDelegate.swift */; };
		2FC95258268BF1C400E6AA9D /* Assets.xcassets in Resources */ = {isa = PBXBuildFile; fileRef = 2FC95257268BF1C400E6AA9D /* Assets.xcassets */; };
		2FC9525B268BF1C400E6AA9D /* LaunchScreen.storyboard in Resources */ = {isa = PBXBuildFile; fileRef = 2FC95259268BF1C400E6AA9D /* LaunchScreen.storyboard */; };
		2FC95265268C01AF00E6AA9D /* SearchVC.swift in Sources */ = {isa = PBXBuildFile; fileRef = 2FC95264268C01AF00E6AA9D /* SearchVC.swift */; };
		2FC95267268C01DE00E6AA9D /* FavoritesListVC.swift in Sources */ = {isa = PBXBuildFile; fileRef = 2FC95266268C01DE00E6AA9D /* FavoritesListVC.swift */; };
		2FC95269268C10EB00E6AA9D /* GFButton.swift in Sources */ = {isa = PBXBuildFile; fileRef = 2FC95268268C10EB00E6AA9D /* GFButton.swift */; };
		2FC9526B268C152800E6AA9D /* GFTextField.swift in Sources */ = {isa = PBXBuildFile; fileRef = 2FC9526A268C152800E6AA9D /* GFTextField.swift */; };
		2FC9526D268D43E400E6AA9D /* FollowerListVC.swift in Sources */ = {isa = PBXBuildFile; fileRef = 2FC9526C268D43E400E6AA9D /* FollowerListVC.swift */; };
		2FC9526F268D4DF000E6AA9D /* GFTitleLabel.swift in Sources */ = {isa = PBXBuildFile; fileRef = 2FC9526E268D4DF000E6AA9D /* GFTitleLabel.swift */; };
		2FC95271268D509300E6AA9D /* GFBodyLabel.swift in Sources */ = {isa = PBXBuildFile; fileRef = 2FC95270268D509200E6AA9D /* GFBodyLabel.swift */; };
		2FC95273268D518400E6AA9D /* GFAlertVC.swift in Sources */ = {isa = PBXBuildFile; fileRef = 2FC95272268D518400E6AA9D /* GFAlertVC.swift */; };
		2FC95275268D5D0B00E6AA9D /* ViewController+Ext.swift in Sources */ = {isa = PBXBuildFile; fileRef = 2FC95274268D5D0B00E6AA9D /* ViewController+Ext.swift */; };
/* End PBXBuildFile section */

/* Begin PBXFileReference section */
		2FC9524B268BF1C000E6AA9D /* GHFollowers.app */ = {isa = PBXFileReference; explicitFileType = wrapper.application; includeInIndex = 0; path = GHFollowers.app; sourceTree = BUILT_PRODUCTS_DIR; };
		2FC9524E268BF1C000E6AA9D /* AppDelegate.swift */ = {isa = PBXFileReference; lastKnownFileType = sourcecode.swift; path = AppDelegate.swift; sourceTree = "<group>"; };
		2FC95250268BF1C000E6AA9D /* SceneDelegate.swift */ = {isa = PBXFileReference; lastKnownFileType = sourcecode.swift; path = SceneDelegate.swift; sourceTree = "<group>"; };
		2FC95257268BF1C400E6AA9D /* Assets.xcassets */ = {isa = PBXFileReference; lastKnownFileType = folder.assetcatalog; path = Assets.xcassets; sourceTree = "<group>"; };
		2FC9525A268BF1C400E6AA9D /* Base */ = {isa = PBXFileReference; lastKnownFileType = file.storyboard; name = Base; path = Base.lproj/LaunchScreen.storyboard; sourceTree = "<group>"; };
		2FC9525C268BF1C400E6AA9D /* Info.plist */ = {isa = PBXFileReference; lastKnownFileType = text.plist.xml; path = Info.plist; sourceTree = "<group>"; };
		2FC95264268C01AF00E6AA9D /* SearchVC.swift */ = {isa = PBXFileReference; lastKnownFileType = sourcecode.swift; path = SearchVC.swift; sourceTree = "<group>"; };
		2FC95266268C01DE00E6AA9D /* FavoritesListVC.swift */ = {isa = PBXFileReference; lastKnownFileType = sourcecode.swift; path = FavoritesListVC.swift; sourceTree = "<group>"; };
		2FC95268268C10EB00E6AA9D /* GFButton.swift */ = {isa = PBXFileReference; lastKnownFileType = sourcecode.swift; path = GFButton.swift; sourceTree = "<group>"; };
		2FC9526A268C152800E6AA9D /* GFTextField.swift */ = {isa = PBXFileReference; lastKnownFileType = sourcecode.swift; path = GFTextField.swift; sourceTree = "<group>"; };
		2FC9526C268D43E400E6AA9D /* FollowerListVC.swift */ = {isa = PBXFileReference; lastKnownFileType = sourcecode.swift; path = FollowerListVC.swift; sourceTree = "<group>"; };
		2FC9526E268D4DF000E6AA9D /* GFTitleLabel.swift */ = {isa = PBXFileReference; lastKnownFileType = sourcecode.swift; path = GFTitleLabel.swift; sourceTree = "<group>"; };
		2FC95270268D509200E6AA9D /* GFBodyLabel.swift */ = {isa = PBXFileReference; lastKnownFileType = sourcecode.swift; path = GFBodyLabel.swift; sourceTree = "<group>"; };
		2FC95272268D518400E6AA9D /* GFAlertVC.swift */ = {isa = PBXFileReference; lastKnownFileType = sourcecode.swift; path = GFAlertVC.swift; sourceTree = "<group>"; };
		2FC95274268D5D0B00E6AA9D /* ViewController+Ext.swift */ = {isa = PBXFileReference; lastKnownFileType = sourcecode.swift; path = "ViewController+Ext.swift"; sourceTree = "<group>"; };
/* End PBXFileReference section */

/* Begin PBXFrameworksBuildPhase section */
		2FC95248268BF1C000E6AA9D /* Frameworks */ = {
			isa = PBXFrameworksBuildPhase;
			buildActionMask = 2147483647;
			files = (
			);
			runOnlyForDeploymentPostprocessing = 0;
		};
/* End PBXFrameworksBuildPhase section */

/* Begin PBXGroup section */
		2FC95242268BF1C000E6AA9D = {
			isa = PBXGroup;
			children = (
				2FC9524D268BF1C000E6AA9D /* GHFollowers */,
				2FC9524C268BF1C000E6AA9D /* Products */,
			);
			sourceTree = "<group>";
		};
		2FC9524C268BF1C000E6AA9D /* Products */ = {
			isa = PBXGroup;
			children = (
				2FC9524B268BF1C000E6AA9D /* GHFollowers.app */,
			);
			name = Products;
			sourceTree = "<group>";
		};
		2FC9524D268BF1C000E6AA9D /* GHFollowers */ = {
			isa = PBXGroup;
			children = (
				2FC95276268DFFEE00E6AA9D /* Controllers */,
				2FC95277268E003100E6AA9D /* CustomViews */,
				2FC95278268E006100E6AA9D /* Extensions */,
				2FC95279268E00D100E6AA9D /* Support */,
			);
			path = GHFollowers;
			sourceTree = "<group>";
		};
		2FC95276268DFFEE00E6AA9D /* Controllers */ = {
			isa = PBXGroup;
			children = (
				2FC95264268C01AF00E6AA9D /* SearchVC.swift */,
				2FC95266268C01DE00E6AA9D /* FavoritesListVC.swift */,
				2FC9526C268D43E400E6AA9D /* FollowerListVC.swift */,
			);
			path = Controllers;
			sourceTree = "<group>";
		};
		2FC95277268E003100E6AA9D /* CustomViews */ = {
			isa = PBXGroup;
			children = (
				2FC95272268D518400E6AA9D /* GFAlertVC.swift */,
				2FC95268268C10EB00E6AA9D /* GFButton.swift */,
				2FC9526E268D4DF000E6AA9D /* GFTitleLabel.swift */,
				2FC95270268D509200E6AA9D /* GFBodyLabel.swift */,
				2FC9526A268C152800E6AA9D /* GFTextField.swift */,
			);
			path = CustomViews;
			sourceTree = "<group>";
		};
		2FC95278268E006100E6AA9D /* Extensions */ = {
			isa = PBXGroup;
			children = (
				2FC95274268D5D0B00E6AA9D /* ViewController+Ext.swift */,
			);
			path = Extensions;
			sourceTree = "<group>";
		};
		2FC95279268E00D100E6AA9D /* Support */ = {
			isa = PBXGroup;
			children = (
				2FC95250268BF1C000E6AA9D /* SceneDelegate.swift */,
				2FC9524E268BF1C000E6AA9D /* AppDelegate.swift */,
				2FC95257268BF1C400E6AA9D /* Assets.xcassets */,
				2FC95259268BF1C400E6AA9D /* LaunchScreen.storyboard */,
				2FC9525C268BF1C400E6AA9D /* Info.plist */,
			);
			path = Support;
			sourceTree = "<group>";
		};
/* End PBXGroup section */

/* Begin PBXNativeTarget section */
		2FC9524A268BF1C000E6AA9D /* GHFollowers */ = {
			isa = PBXNativeTarget;
			buildConfigurationList = 2FC9525F268BF1C400E6AA9D /* Build configuration list for PBXNativeTarget "GHFollowers" */;
			buildPhases = (
				2FC95247268BF1C000E6AA9D /* Sources */,
				2FC95248268BF1C000E6AA9D /* Frameworks */,
				2FC95249268BF1C000E6AA9D /* Resources */,
			);
			buildRules = (
			);
			dependencies = (
			);
			name = GHFollowers;
			productName = GHFollowers;
			productReference = 2FC9524B268BF1C000E6AA9D /* GHFollowers.app */;
			productType = "com.apple.product-type.application";
		};
/* End PBXNativeTarget section */

/* Begin PBXProject section */
		2FC95243268BF1C000E6AA9D /* Project object */ = {
			isa = PBXProject;
			attributes = {
				LastSwiftUpdateCheck = 1250;
				LastUpgradeCheck = 1250;
				TargetAttributes = {
					2FC9524A268BF1C000E6AA9D = {
						CreatedOnToolsVersion = 12.5.1;
					};
				};
			};
			buildConfigurationList = 2FC95246268BF1C000E6AA9D /* Build configuration list for PBXProject "GHFollowers" */;
			compatibilityVersion = "Xcode 9.3";
			developmentRegion = en;
			hasScannedForEncodings = 0;
			knownRegions = (
				en,
				Base,
			);
			mainGroup = 2FC95242268BF1C000E6AA9D;
			productRefGroup = 2FC9524C268BF1C000E6AA9D /* Products */;
			projectDirPath = "";
			projectRoot = "";
			targets = (
				2FC9524A268BF1C000E6AA9D /* GHFollowers */,
			);
		};
/* End PBXProject section */

/* Begin PBXResourcesBuildPhase section */
		2FC95249268BF1C000E6AA9D /* Resources */ = {
			isa = PBXResourcesBuildPhase;
			buildActionMask = 2147483647;
			files = (
				2FC9525B268BF1C400E6AA9D /* LaunchScreen.storyboard in Resources */,
				2FC95258268BF1C400E6AA9D /* Assets.xcassets in Resources */,
			);
			runOnlyForDeploymentPostprocessing = 0;
		};
/* End PBXResourcesBuildPhase section */

/* Begin PBXSourcesBuildPhase section */
		2FC95247268BF1C000E6AA9D /* Sources */ = {
			isa = PBXSourcesBuildPhase;
			buildActionMask = 2147483647;
			files = (
				2FC9526B268C152800E6AA9D /* GFTextField.swift in Sources */,
				2FC95267268C01DE00E6AA9D /* FavoritesListVC.swift in Sources */,
				2FC95269268C10EB00E6AA9D /* GFButton.swift in Sources */,
				2FC95265268C01AF00E6AA9D /* SearchVC.swift in Sources */,
				2FC95275268D5D0B00E6AA9D /* ViewController+Ext.swift in Sources */,
				2FC95273268D518400E6AA9D /* GFAlertVC.swift in Sources */,
				2FC95271268D509300E6AA9D /* GFBodyLabel.swift in Sources */,
				2FC9526F268D4DF000E6AA9D /* GFTitleLabel.swift in Sources */,
				2FC9526D268D43E400E6AA9D /* FollowerListVC.swift in Sources */,
				2FC9524F268BF1C000E6AA9D /* AppDelegate.swift in Sources */,
				2FC95251268BF1C000E6AA9D /* SceneDelegate.swift in Sources */,
			);
			runOnlyForDeploymentPostprocessing = 0;
		};
/* End PBXSourcesBuildPhase section */

/* Begin PBXVariantGroup section */
		2FC95259268BF1C400E6AA9D /* LaunchScreen.storyboard */ = {
			isa = PBXVariantGroup;
			children = (
				2FC9525A268BF1C400E6AA9D /* Base */,
			);
			name = LaunchScreen.storyboard;
			sourceTree = "<group>";
		};
/* End PBXVariantGroup section */

/* Begin XCBuildConfiguration section */
		2FC9525D268BF1C400E6AA9D /* Debug */ = {
			isa = XCBuildConfiguration;
			buildSettings = {
				ALWAYS_SEARCH_USER_PATHS = NO;
				CLANG_ANALYZER_NONNULL = YES;
				CLANG_ANALYZER_NUMBER_OBJECT_CONVERSION = YES_AGGRESSIVE;
				CLANG_CXX_LANGUAGE_STANDARD = "gnu++14";
				CLANG_CXX_LIBRARY = "libc++";
				CLANG_ENABLE_MODULES = YES;
				CLANG_ENABLE_OBJC_ARC = YES;
				CLANG_ENABLE_OBJC_WEAK = YES;
				CLANG_WARN_BLOCK_CAPTURE_AUTORELEASING = YES;
				CLANG_WARN_BOOL_CONVERSION = YES;
				CLANG_WARN_COMMA = YES;
				CLANG_WARN_CONSTANT_CONVERSION = YES;
				CLANG_WARN_DEPRECATED_OBJC_IMPLEMENTATIONS = YES;
				CLANG_WARN_DIRECT_OBJC_ISA_USAGE = YES_ERROR;
				CLANG_WARN_DOCUMENTATION_COMMENTS = YES;
				CLANG_WARN_EMPTY_BODY = YES;
				CLANG_WARN_ENUM_CONVERSION = YES;
				CLANG_WARN_INFINITE_RECURSION = YES;
				CLANG_WARN_INT_CONVERSION = YES;
				CLANG_WARN_NON_LITERAL_NULL_CONVERSION = YES;
				CLANG_WARN_OBJC_IMPLICIT_RETAIN_SELF = YES;
				CLANG_WARN_OBJC_LITERAL_CONVERSION = YES;
				CLANG_WARN_OBJC_ROOT_CLASS = YES_ERROR;
				CLANG_WARN_QUOTED_INCLUDE_IN_FRAMEWORK_HEADER = YES;
				CLANG_WARN_RANGE_LOOP_ANALYSIS = YES;
				CLANG_WARN_STRICT_PROTOTYPES = YES;
				CLANG_WARN_SUSPICIOUS_MOVE = YES;
				CLANG_WARN_UNGUARDED_AVAILABILITY = YES_AGGRESSIVE;
				CLANG_WARN_UNREACHABLE_CODE = YES;
				CLANG_WARN__DUPLICATE_METHOD_MATCH = YES;
				COPY_PHASE_STRIP = NO;
				DEBUG_INFORMATION_FORMAT = dwarf;
				ENABLE_STRICT_OBJC_MSGSEND = YES;
				ENABLE_TESTABILITY = YES;
				GCC_C_LANGUAGE_STANDARD = gnu11;
				GCC_DYNAMIC_NO_PIC = NO;
				GCC_NO_COMMON_BLOCKS = YES;
				GCC_OPTIMIZATION_LEVEL = 0;
				GCC_PREPROCESSOR_DEFINITIONS = (
					"DEBUG=1",
					"$(inherited)",
				);
				GCC_WARN_64_TO_32_BIT_CONVERSION = YES;
				GCC_WARN_ABOUT_RETURN_TYPE = YES_ERROR;
				GCC_WARN_UNDECLARED_SELECTOR = YES;
				GCC_WARN_UNINITIALIZED_AUTOS = YES_AGGRESSIVE;
				GCC_WARN_UNUSED_FUNCTION = YES;
				GCC_WARN_UNUSED_VARIABLE = YES;
				IPHONEOS_DEPLOYMENT_TARGET = 14.5;
				MTL_ENABLE_DEBUG_INFO = INCLUDE_SOURCE;
				MTL_FAST_MATH = YES;
				ONLY_ACTIVE_ARCH = YES;
				SDKROOT = iphoneos;
				SWIFT_ACTIVE_COMPILATION_CONDITIONS = DEBUG;
				SWIFT_OPTIMIZATION_LEVEL = "-Onone";
			};
			name = Debug;
		};
		2FC9525E268BF1C400E6AA9D /* Release */ = {
			isa = XCBuildConfiguration;
			buildSettings = {
				ALWAYS_SEARCH_USER_PATHS = NO;
				CLANG_ANALYZER_NONNULL = YES;
				CLANG_ANALYZER_NUMBER_OBJECT_CONVERSION = YES_AGGRESSIVE;
				CLANG_CXX_LANGUAGE_STANDARD = "gnu++14";
				CLANG_CXX_LIBRARY = "libc++";
				CLANG_ENABLE_MODULES = YES;
				CLANG_ENABLE_OBJC_ARC = YES;
				CLANG_ENABLE_OBJC_WEAK = YES;
				CLANG_WARN_BLOCK_CAPTURE_AUTORELEASING = YES;
				CLANG_WARN_BOOL_CONVERSION = YES;
				CLANG_WARN_COMMA = YES;
				CLANG_WARN_CONSTANT_CONVERSION = YES;
				CLANG_WARN_DEPRECATED_OBJC_IMPLEMENTATIONS = YES;
				CLANG_WARN_DIRECT_OBJC_ISA_USAGE = YES_ERROR;
				CLANG_WARN_DOCUMENTATION_COMMENTS = YES;
				CLANG_WARN_EMPTY_BODY = YES;
				CLANG_WARN_ENUM_CONVERSION = YES;
				CLANG_WARN_INFINITE_RECURSION = YES;
				CLANG_WARN_INT_CONVERSION = YES;
				CLANG_WARN_NON_LITERAL_NULL_CONVERSION = YES;
				CLANG_WARN_OBJC_IMPLICIT_RETAIN_SELF = YES;
				CLANG_WARN_OBJC_LITERAL_CONVERSION = YES;
				CLANG_WARN_OBJC_ROOT_CLASS = YES_ERROR;
				CLANG_WARN_QUOTED_INCLUDE_IN_FRAMEWORK_HEADER = YES;
				CLANG_WARN_RANGE_LOOP_ANALYSIS = YES;
				CLANG_WARN_STRICT_PROTOTYPES = YES;
				CLANG_WARN_SUSPICIOUS_MOVE = YES;
				CLANG_WARN_UNGUARDED_AVAILABILITY = YES_AGGRESSIVE;
				CLANG_WARN_UNREACHABLE_CODE = YES;
				CLANG_WARN__DUPLICATE_METHOD_MATCH = YES;
				COPY_PHASE_STRIP = NO;
				DEBUG_INFORMATION_FORMAT = "dwarf-with-dsym";
				ENABLE_NS_ASSERTIONS = NO;
				ENABLE_STRICT_OBJC_MSGSEND = YES;
				GCC_C_LANGUAGE_STANDARD = gnu11;
				GCC_NO_COMMON_BLOCKS = YES;
				GCC_WARN_64_TO_32_BIT_CONVERSION = YES;
				GCC_WARN_ABOUT_RETURN_TYPE = YES_ERROR;
				GCC_WARN_UNDECLARED_SELECTOR = YES;
				GCC_WARN_UNINITIALIZED_AUTOS = YES_AGGRESSIVE;
				GCC_WARN_UNUSED_FUNCTION = YES;
				GCC_WARN_UNUSED_VARIABLE = YES;
				IPHONEOS_DEPLOYMENT_TARGET = 14.5;
				MTL_ENABLE_DEBUG_INFO = NO;
				MTL_FAST_MATH = YES;
				SDKROOT = iphoneos;
				SWIFT_COMPILATION_MODE = wholemodule;
				SWIFT_OPTIMIZATION_LEVEL = "-O";
				VALIDATE_PRODUCT = YES;
			};
			name = Release;
		};
		2FC95260268BF1C400E6AA9D /* Debug */ = {
			isa = XCBuildConfiguration;
			buildSettings = {
				ASSETCATALOG_COMPILER_APPICON_NAME = AppIcon;
				ASSETCATALOG_COMPILER_GLOBAL_ACCENT_COLOR_NAME = AccentColor;
				CODE_SIGN_STYLE = Automatic;
				DEVELOPMENT_TEAM = Y29764E28T;
				INFOPLIST_FILE = GHFollowers/Info.plist;
				LD_RUNPATH_SEARCH_PATHS = (
					"$(inherited)",
					"@executable_path/Frameworks",
				);
				PRODUCT_BUNDLE_IDENTIFIER = com.dala.GHFollowers;
				PRODUCT_NAME = "$(TARGET_NAME)";
				SWIFT_VERSION = 5.0;
				TARGETED_DEVICE_FAMILY = 1;
			};
			name = Debug;
		};
		2FC95261268BF1C400E6AA9D /* Release */ = {
			isa = XCBuildConfiguration;
			buildSettings = {
				ASSETCATALOG_COMPILER_APPICON_NAME = AppIcon;
				ASSETCATALOG_COMPILER_GLOBAL_ACCENT_COLOR_NAME = AccentColor;
				CODE_SIGN_STYLE = Automatic;
				DEVELOPMENT_TEAM = Y29764E28T;
				INFOPLIST_FILE = GHFollowers/Info.plist;
				LD_RUNPATH_SEARCH_PATHS = (
					"$(inherited)",
					"@executable_path/Frameworks",
				);
				PRODUCT_BUNDLE_IDENTIFIER = com.dala.GHFollowers;
				PRODUCT_NAME = "$(TARGET_NAME)";
				SWIFT_VERSION = 5.0;
				TARGETED_DEVICE_FAMILY = 1;
			};
			name = Release;
		};
/* End XCBuildConfiguration section */

/* Begin XCConfigurationList section */
		2FC95246268BF1C000E6AA9D /* Build configuration list for PBXProject "GHFollowers" */ = {
			isa = XCConfigurationList;
			buildConfigurations = (
				2FC9525D268BF1C400E6AA9D /* Debug */,
				2FC9525E268BF1C400E6AA9D /* Release */,
			);
			defaultConfigurationIsVisible = 0;
			defaultConfigurationName = Release;
		};
		2FC9525F268BF1C400E6AA9D /* Build configuration list for PBXNativeTarget "GHFollowers" */ = {
			isa = XCConfigurationList;
			buildConfigurations = (
				2FC95260268BF1C400E6AA9D /* Debug */,
				2FC95261268BF1C400E6AA9D /* Release */,
			);
			defaultConfigurationIsVisible = 0;
			defaultConfigurationName = Release;
		};
/* End XCConfigurationList section */
	};
	rootObject = 2FC95243268BF1C000E6AA9D /* Project object */;
}
